// !$*UTF8*$!
{
	archiveVersion = 1;
	classes = {
	};
	objectVersion = 50;
	objects = {

/* Begin PBXBuildFile section */
		8C6FCD90243CBAD60038D1DC /* JournalTwoTableViewController.swift in Sources */ = {isa = PBXBuildFile; fileRef = 8C6FCD8F243CBAD60038D1DC /* JournalTwoTableViewController.swift */; };
		8C6FCD92243D62720038D1DC /* JournalEntryViewController.swift in Sources */ = {isa = PBXBuildFile; fileRef = 8C6FCD91243D62720038D1DC /* JournalEntryViewController.swift */; };
		8C6FCD94243D7D4F0038D1DC /* NewJournalEntryViewController.swift in Sources */ = {isa = PBXBuildFile; fileRef = 8C6FCD93243D7D4F0038D1DC /* NewJournalEntryViewController.swift */; };
		8C835A58243AB166000C3F8A /* AppDelegate.swift in Sources */ = {isa = PBXBuildFile; fileRef = 8C835A57243AB166000C3F8A /* AppDelegate.swift */; };
		8C835A5A243AB166000C3F8A /* SceneDelegate.swift in Sources */ = {isa = PBXBuildFile; fileRef = 8C835A59243AB166000C3F8A /* SceneDelegate.swift */; };
		8C835A5F243AB166000C3F8A /* Main.storyboard in Resources */ = {isa = PBXBuildFile; fileRef = 8C835A5D243AB166000C3F8A /* Main.storyboard */; };
		8C835A61243AB168000C3F8A /* Assets.xcassets in Resources */ = {isa = PBXBuildFile; fileRef = 8C835A60243AB168000C3F8A /* Assets.xcassets */; };
		8C835A64243AB168000C3F8A /* LaunchScreen.storyboard in Resources */ = {isa = PBXBuildFile; fileRef = 8C835A62243AB168000C3F8A /* LaunchScreen.storyboard */; };
		8C835A6F243AB168000C3F8A /* JournalTests.swift in Sources */ = {isa = PBXBuildFile; fileRef = 8C835A6E243AB168000C3F8A /* JournalTests.swift */; };
		8C835A7A243AB168000C3F8A /* JournalUITests.swift in Sources */ = {isa = PBXBuildFile; fileRef = 8C835A79243AB168000C3F8A /* JournalUITests.swift */; };
		8C835A89243C09D8000C3F8A /* JournalEntry.swift in Sources */ = {isa = PBXBuildFile; fileRef = 8C835A88243C09D8000C3F8A /* JournalEntry.swift */; };
		8C835A8B243C0CD7000C3F8A /* Journal.swift in Sources */ = {isa = PBXBuildFile; fileRef = 8C835A8A243C0CD7000C3F8A /* Journal.swift */; };
/* End PBXBuildFile section */

/* Begin PBXContainerItemProxy section */
		8C835A6B243AB168000C3F8A /* PBXContainerItemProxy */ = {
			isa = PBXContainerItemProxy;
			containerPortal = 8C835A4C243AB166000C3F8A /* Project object */;
			proxyType = 1;
			remoteGlobalIDString = 8C835A53243AB166000C3F8A;
			remoteInfo = Journal;
		};
		8C835A76243AB168000C3F8A /* PBXContainerItemProxy */ = {
			isa = PBXContainerItemProxy;
			containerPortal = 8C835A4C243AB166000C3F8A /* Project object */;
			proxyType = 1;
			remoteGlobalIDString = 8C835A53243AB166000C3F8A;
			remoteInfo = Journal;
		};
/* End PBXContainerItemProxy section */

/* Begin PBXFileReference section */
		8C6FCD8F243CBAD60038D1DC /* JournalTwoTableViewController.swift */ = {isa = PBXFileReference; lastKnownFileType = sourcecode.swift; path = JournalTwoTableViewController.swift; sourceTree = "<group>"; };
		8C6FCD91243D62720038D1DC /* JournalEntryViewController.swift */ = {isa = PBXFileReference; lastKnownFileType = sourcecode.swift; path = JournalEntryViewController.swift; sourceTree = "<group>"; };
		8C6FCD93243D7D4F0038D1DC /* NewJournalEntryViewController.swift */ = {isa = PBXFileReference; lastKnownFileType = sourcecode.swift; path = NewJournalEntryViewController.swift; sourceTree = "<group>"; };
		8C835A54243AB166000C3F8A /* Journal.app */ = {isa = PBXFileReference; explicitFileType = wrapper.application; includeInIndex = 0; path = Journal.app; sourceTree = BUILT_PRODUCTS_DIR; };
		8C835A57243AB166000C3F8A /* AppDelegate.swift */ = {isa = PBXFileReference; lastKnownFileType = sourcecode.swift; path = AppDelegate.swift; sourceTree = "<group>"; };
		8C835A59243AB166000C3F8A /* SceneDelegate.swift */ = {isa = PBXFileReference; lastKnownFileType = sourcecode.swift; path = SceneDelegate.swift; sourceTree = "<group>"; };
		8C835A5E243AB166000C3F8A /* Base */ = {isa = PBXFileReference; lastKnownFileType = file.storyboard; name = Base; path = Base.lproj/Main.storyboard; sourceTree = "<group>"; };
		8C835A60243AB168000C3F8A /* Assets.xcassets */ = {isa = PBXFileReference; lastKnownFileType = folder.assetcatalog; path = Assets.xcassets; sourceTree = "<group>"; };
		8C835A63243AB168000C3F8A /* Base */ = {isa = PBXFileReference; lastKnownFileType = file.storyboard; name = Base; path = Base.lproj/LaunchScreen.storyboard; sourceTree = "<group>"; };
		8C835A65243AB168000C3F8A /* Info.plist */ = {isa = PBXFileReference; lastKnownFileType = text.plist.xml; path = Info.plist; sourceTree = "<group>"; };
		8C835A6A243AB168000C3F8A /* JournalTests.xctest */ = {isa = PBXFileReference; explicitFileType = wrapper.cfbundle; includeInIndex = 0; path = JournalTests.xctest; sourceTree = BUILT_PRODUCTS_DIR; };
		8C835A6E243AB168000C3F8A /* JournalTests.swift */ = {isa = PBXFileReference; lastKnownFileType = sourcecode.swift; path = JournalTests.swift; sourceTree = "<group>"; };
		8C835A70243AB168000C3F8A /* Info.plist */ = {isa = PBXFileReference; lastKnownFileType = text.plist.xml; path = Info.plist; sourceTree = "<group>"; };
		8C835A75243AB168000C3F8A /* JournalUITests.xctest */ = {isa = PBXFileReference; explicitFileType = wrapper.cfbundle; includeInIndex = 0; path = JournalUITests.xctest; sourceTree = BUILT_PRODUCTS_DIR; };
		8C835A79243AB168000C3F8A /* JournalUITests.swift */ = {isa = PBXFileReference; lastKnownFileType = sourcecode.swift; path = JournalUITests.swift; sourceTree = "<group>"; };
		8C835A7B243AB168000C3F8A /* Info.plist */ = {isa = PBXFileReference; lastKnownFileType = text.plist.xml; path = Info.plist; sourceTree = "<group>"; };
		8C835A88243C09D8000C3F8A /* JournalEntry.swift */ = {isa = PBXFileReference; lastKnownFileType = sourcecode.swift; path = JournalEntry.swift; sourceTree = "<group>"; };
		8C835A8A243C0CD7000C3F8A /* Journal.swift */ = {isa = PBXFileReference; lastKnownFileType = sourcecode.swift; path = Journal.swift; sourceTree = "<group>"; };
/* End PBXFileReference section */

/* Begin PBXFrameworksBuildPhase section */
		8C835A51243AB166000C3F8A /* Frameworks */ = {
			isa = PBXFrameworksBuildPhase;
			buildActionMask = 2147483647;
			files = (
			);
			runOnlyForDeploymentPostprocessing = 0;
		};
		8C835A67243AB168000C3F8A /* Frameworks */ = {
			isa = PBXFrameworksBuildPhase;
			buildActionMask = 2147483647;
			files = (
			);
			runOnlyForDeploymentPostprocessing = 0;
		};
		8C835A72243AB168000C3F8A /* Frameworks */ = {
			isa = PBXFrameworksBuildPhase;
			buildActionMask = 2147483647;
			files = (
			);
			runOnlyForDeploymentPostprocessing = 0;
		};
/* End PBXFrameworksBuildPhase section */

/* Begin PBXGroup section */
		8C835A4B243AB166000C3F8A = {
			isa = PBXGroup;
			children = (
				8C835A56243AB166000C3F8A /* Journal */,
				8C835A6D243AB168000C3F8A /* JournalTests */,
				8C835A78243AB168000C3F8A /* JournalUITests */,
				8C835A55243AB166000C3F8A /* Products */,
			);
			sourceTree = "<group>";
		};
		8C835A55243AB166000C3F8A /* Products */ = {
			isa = PBXGroup;
			children = (
				8C835A54243AB166000C3F8A /* Journal.app */,
				8C835A6A243AB168000C3F8A /* JournalTests.xctest */,
				8C835A75243AB168000C3F8A /* JournalUITests.xctest */,
			);
			name = Products;
			sourceTree = "<group>";
		};
		8C835A56243AB166000C3F8A /* Journal */ = {
			isa = PBXGroup;
			children = (
				8C835A57243AB166000C3F8A /* AppDelegate.swift */,
				8C835A59243AB166000C3F8A /* SceneDelegate.swift */,
				8C835A5D243AB166000C3F8A /* Main.storyboard */,
				8C6FCD91243D62720038D1DC /* JournalEntryViewController.swift */,
				8C835A8A243C0CD7000C3F8A /* Journal.swift */,
				8C6FCD8F243CBAD60038D1DC /* JournalTwoTableViewController.swift */,
				8C6FCD93243D7D4F0038D1DC /* NewJournalEntryViewController.swift */,
				8C835A88243C09D8000C3F8A /* JournalEntry.swift */,
				8C835A60243AB168000C3F8A /* Assets.xcassets */,
				8C835A62243AB168000C3F8A /* LaunchScreen.storyboard */,
				8C835A65243AB168000C3F8A /* Info.plist */,
			);
			path = Journal;
			sourceTree = "<group>";
		};
		8C835A6D243AB168000C3F8A /* JournalTests */ = {
			isa = PBXGroup;
			children = (
				8C835A6E243AB168000C3F8A /* JournalTests.swift */,
				8C835A70243AB168000C3F8A /* Info.plist */,
			);
			path = JournalTests;
			sourceTree = "<group>";
		};
		8C835A78243AB168000C3F8A /* JournalUITests */ = {
			isa = PBXGroup;
			children = (
				8C835A79243AB168000C3F8A /* JournalUITests.swift */,
				8C835A7B243AB168000C3F8A /* Info.plist */,
			);
			path = JournalUITests;
			sourceTree = "<group>";
		};
/* End PBXGroup section */

/* Begin PBXNativeTarget section */
		8C835A53243AB166000C3F8A /* Journal */ = {
			isa = PBXNativeTarget;
			buildConfigurationList = 8C835A7E243AB168000C3F8A /* Build configuration list for PBXNativeTarget "Journal" */;
			buildPhases = (
				8C835A50243AB166000C3F8A /* Sources */,
				8C835A51243AB166000C3F8A /* Frameworks */,
				8C835A52243AB166000C3F8A /* Resources */,
			);
			buildRules = (
			);
			dependencies = (
			);
			name = Journal;
			productName = Journal;
			productReference = 8C835A54243AB166000C3F8A /* Journal.app */;
			productType = "com.apple.product-type.application";
		};
		8C835A69243AB168000C3F8A /* JournalTests */ = {
			isa = PBXNativeTarget;
			buildConfigurationList = 8C835A81243AB168000C3F8A /* Build configuration list for PBXNativeTarget "JournalTests" */;
			buildPhases = (
				8C835A66243AB168000C3F8A /* Sources */,
				8C835A67243AB168000C3F8A /* Frameworks */,
				8C835A68243AB168000C3F8A /* Resources */,
			);
			buildRules = (
			);
			dependencies = (
				8C835A6C243AB168000C3F8A /* PBXTargetDependency */,
			);
			name = JournalTests;
			productName = JournalTests;
			productReference = 8C835A6A243AB168000C3F8A /* JournalTests.xctest */;
			productType = "com.apple.product-type.bundle.unit-test";
		};
		8C835A74243AB168000C3F8A /* JournalUITests */ = {
			isa = PBXNativeTarget;
			buildConfigurationList = 8C835A84243AB168000C3F8A /* Build configuration list for PBXNativeTarget "JournalUITests" */;
			buildPhases = (
				8C835A71243AB168000C3F8A /* Sources */,
				8C835A72243AB168000C3F8A /* Frameworks */,
				8C835A73243AB168000C3F8A /* Resources */,
			);
			buildRules = (
			);
			dependencies = (
				8C835A77243AB168000C3F8A /* PBXTargetDependency */,
			);
			name = JournalUITests;
			productName = JournalUITests;
			productReference = 8C835A75243AB168000C3F8A /* JournalUITests.xctest */;
			productType = "com.apple.product-type.bundle.ui-testing";
		};
/* End PBXNativeTarget section */

/* Begin PBXProject section */
		8C835A4C243AB166000C3F8A /* Project object */ = {
			isa = PBXProject;
			attributes = {
				LastSwiftUpdateCheck = 1130;
				LastUpgradeCheck = 1130;
				ORGANIZATIONNAME = "Liana Hill";
				TargetAttributes = {
					8C835A53243AB166000C3F8A = {
						CreatedOnToolsVersion = 11.3.1;
					};
					8C835A69243AB168000C3F8A = {
						CreatedOnToolsVersion = 11.3.1;
						TestTargetID = 8C835A53243AB166000C3F8A;
					};
					8C835A74243AB168000C3F8A = {
						CreatedOnToolsVersion = 11.3.1;
						TestTargetID = 8C835A53243AB166000C3F8A;
					};
				};
			};
			buildConfigurationList = 8C835A4F243AB166000C3F8A /* Build configuration list for PBXProject "Journal" */;
			compatibilityVersion = "Xcode 9.3";
			developmentRegion = en;
			hasScannedForEncodings = 0;
			knownRegions = (
				en,
				Base,
			);
			mainGroup = 8C835A4B243AB166000C3F8A;
			productRefGroup = 8C835A55243AB166000C3F8A /* Products */;
			projectDirPath = "";
			projectRoot = "";
			targets = (
				8C835A53243AB166000C3F8A /* Journal */,
				8C835A69243AB168000C3F8A /* JournalTests */,
				8C835A74243AB168000C3F8A /* JournalUITests */,
			);
		};
/* End PBXProject section */

/* Begin PBXResourcesBuildPhase section */
		8C835A52243AB166000C3F8A /* Resources */ = {
			isa = PBXResourcesBuildPhase;
			buildActionMask = 2147483647;
			files = (
				8C835A64243AB168000C3F8A /* LaunchScreen.storyboard in Resources */,
				8C835A61243AB168000C3F8A /* Assets.xcassets in Resources */,
				8C835A5F243AB166000C3F8A /* Main.storyboard in Resources */,
			);
			runOnlyForDeploymentPostprocessing = 0;
		};
		8C835A68243AB168000C3F8A /* Resources */ = {
			isa = PBXResourcesBuildPhase;
			buildActionMask = 2147483647;
			files = (
			);
			runOnlyForDeploymentPostprocessing = 0;
		};
		8C835A73243AB168000C3F8A /* Resources */ = {
			isa = PBXResourcesBuildPhase;
			buildActionMask = 2147483647;
			files = (
			);
			runOnlyForDeploymentPostprocessing = 0;
		};
/* End PBXResourcesBuildPhase section */

/* Begin PBXSourcesBuildPhase section */
		8C835A50243AB166000C3F8A /* Sources */ = {
			isa = PBXSourcesBuildPhase;
			buildActionMask = 2147483647;
			files = (
				8C835A89243C09D8000C3F8A /* JournalEntry.swift in Sources */,
				8C835A58243AB166000C3F8A /* AppDelegate.swift in Sources */,
				8C6FCD92243D62720038D1DC /* JournalEntryViewController.swift in Sources */,
				8C835A5A243AB166000C3F8A /* SceneDelegate.swift in Sources */,
				8C835A8B243C0CD7000C3F8A /* Journal.swift in Sources */,
				8C6FCD94243D7D4F0038D1DC /* NewJournalEntryViewController.swift in Sources */,
				8C6FCD90243CBAD60038D1DC /* JournalTwoTableViewController.swift in Sources */,
			);
			runOnlyForDeploymentPostprocessing = 0;
		};
		8C835A66243AB168000C3F8A /* Sources */ = {
			isa = PBXSourcesBuildPhase;
			buildActionMask = 2147483647;
			files = (
				8C835A6F243AB168000C3F8A /* JournalTests.swift in Sources */,
			);
			runOnlyForDeploymentPostprocessing = 0;
		};
		8C835A71243AB168000C3F8A /* Sources */ = {
			isa = PBXSourcesBuildPhase;
			buildActionMask = 2147483647;
			files = (
				8C835A7A243AB168000C3F8A /* JournalUITests.swift in Sources */,
			);
			runOnlyForDeploymentPostprocessing = 0;
		};
/* End PBXSourcesBuildPhase section */

/* Begin PBXTargetDependency section */
		8C835A6C243AB168000C3F8A /* PBXTargetDependency */ = {
			isa = PBXTargetDependency;
			target = 8C835A53243AB166000C3F8A /* Journal */;
			targetProxy = 8C835A6B243AB168000C3F8A /* PBXContainerItemProxy */;
		};
		8C835A77243AB168000C3F8A /* PBXTargetDependency */ = {
			isa = PBXTargetDependency;
			target = 8C835A53243AB166000C3F8A /* Journal */;
			targetProxy = 8C835A76243AB168000C3F8A /* PBXContainerItemProxy */;
		};
/* End PBXTargetDependency section */

/* Begin PBXVariantGroup section */
		8C835A5D243AB166000C3F8A /* Main.storyboard */ = {
			isa = PBXVariantGroup;
			children = (
				8C835A5E243AB166000C3F8A /* Base */,
			);
			name = Main.storyboard;
			sourceTree = "<group>";
		};
		8C835A62243AB168000C3F8A /* LaunchScreen.storyboard */ = {
			isa = PBXVariantGroup;
			children = (
				8C835A63243AB168000C3F8A /* Base */,
			);
			name = LaunchScreen.storyboard;
			sourceTree = "<group>";
		};
/* End PBXVariantGroup section */

/* Begin XCBuildConfiguration section */
		8C835A7C243AB168000C3F8A /* Debug */ = {
			isa = XCBuildConfiguration;
			buildSettings = {
				ALWAYS_SEARCH_USER_PATHS = NO;
				CLANG_ANALYZER_NONNULL = YES;
				CLANG_ANALYZER_NUMBER_OBJECT_CONVERSION = YES_AGGRESSIVE;
				CLANG_CXX_LANGUAGE_STANDARD = "gnu++14";
				CLANG_CXX_LIBRARY = "libc++";
				CLANG_ENABLE_MODULES = YES;
				CLANG_ENABLE_OBJC_ARC = YES;
				CLANG_ENABLE_OBJC_WEAK = YES;
				CLANG_WARN_BLOCK_CAPTURE_AUTORELEASING = YES;
				CLANG_WARN_BOOL_CONVERSION = YES;
				CLANG_WARN_COMMA = YES;
				CLANG_WARN_CONSTANT_CONVERSION = YES;
				CLANG_WARN_DEPRECATED_OBJC_IMPLEMENTATIONS = YES;
				CLANG_WARN_DIRECT_OBJC_ISA_USAGE = YES_ERROR;
				CLANG_WARN_DOCUMENTATION_COMMENTS = YES;
				CLANG_WARN_EMPTY_BODY = YES;
				CLANG_WARN_ENUM_CONVERSION = YES;
				CLANG_WARN_INFINITE_RECURSION = YES;
				CLANG_WARN_INT_CONVERSION = YES;
				CLANG_WARN_NON_LITERAL_NULL_CONVERSION = YES;
				CLANG_WARN_OBJC_IMPLICIT_RETAIN_SELF = YES;
				CLANG_WARN_OBJC_LITERAL_CONVERSION = YES;
				CLANG_WARN_OBJC_ROOT_CLASS = YES_ERROR;
				CLANG_WARN_RANGE_LOOP_ANALYSIS = YES;
				CLANG_WARN_STRICT_PROTOTYPES = YES;
				CLANG_WARN_SUSPICIOUS_MOVE = YES;
				CLANG_WARN_UNGUARDED_AVAILABILITY = YES_AGGRESSIVE;
				CLANG_WARN_UNREACHABLE_CODE = YES;
				CLANG_WARN__DUPLICATE_METHOD_MATCH = YES;
				COPY_PHASE_STRIP = NO;
				DEBUG_INFORMATION_FORMAT = dwarf;
				ENABLE_STRICT_OBJC_MSGSEND = YES;
				ENABLE_TESTABILITY = YES;
				GCC_C_LANGUAGE_STANDARD = gnu11;
				GCC_DYNAMIC_NO_PIC = NO;
				GCC_NO_COMMON_BLOCKS = YES;
				GCC_OPTIMIZATION_LEVEL = 0;
				GCC_PREPROCESSOR_DEFINITIONS = (
					"DEBUG=1",
					"$(inherited)",
				);
				GCC_WARN_64_TO_32_BIT_CONVERSION = YES;
				GCC_WARN_ABOUT_RETURN_TYPE = YES_ERROR;
				GCC_WARN_UNDECLARED_SELECTOR = YES;
				GCC_WARN_UNINITIALIZED_AUTOS = YES_AGGRESSIVE;
				GCC_WARN_UNUSED_FUNCTION = YES;
				GCC_WARN_UNUSED_VARIABLE = YES;
				IPHONEOS_DEPLOYMENT_TARGET = 13.2;
				MTL_ENABLE_DEBUG_INFO = INCLUDE_SOURCE;
				MTL_FAST_MATH = YES;
				ONLY_ACTIVE_ARCH = YES;
				SDKROOT = iphoneos;
				SWIFT_ACTIVE_COMPILATION_CONDITIONS = DEBUG;
				SWIFT_OPTIMIZATION_LEVEL = "-Onone";
			};
			name = Debug;
		};
		8C835A7D243AB168000C3F8A /* Release */ = {
			isa = XCBuildConfiguration;
			buildSettings = {
				ALWAYS_SEARCH_USER_PATHS = NO;
				CLANG_ANALYZER_NONNULL = YES;
				CLANG_ANALYZER_NUMBER_OBJECT_CONVERSION = YES_AGGRESSIVE;
				CLANG_CXX_LANGUAGE_STANDARD = "gnu++14";
				CLANG_CXX_LIBRARY = "libc++";
				CLANG_ENABLE_MODULES = YES;
				CLANG_ENABLE_OBJC_ARC = YES;
				CLANG_ENABLE_OBJC_WEAK = YES;
				CLANG_WARN_BLOCK_CAPTURE_AUTORELEASING = YES;
				CLANG_WARN_BOOL_CONVERSION = YES;
				CLANG_WARN_COMMA = YES;
				CLANG_WARN_CONSTANT_CONVERSION = YES;
				CLANG_WARN_DEPRECATED_OBJC_IMPLEMENTATIONS = YES;
				CLANG_WARN_DIRECT_OBJC_ISA_USAGE = YES_ERROR;
				CLANG_WARN_DOCUMENTATION_COMMENTS = YES;
				CLANG_WARN_EMPTY_BODY = YES;
				CLANG_WARN_ENUM_CONVERSION = YES;
				CLANG_WARN_INFINITE_RECURSION = YES;
				CLANG_WARN_INT_CONVERSION = YES;
				CLANG_WARN_NON_LITERAL_NULL_CONVERSION = YES;
				CLANG_WARN_OBJC_IMPLICIT_RETAIN_SELF = YES;
				CLANG_WARN_OBJC_LITERAL_CONVERSION = YES;
				CLANG_WARN_OBJC_ROOT_CLASS = YES_ERROR;
				CLANG_WARN_RANGE_LOOP_ANALYSIS = YES;
				CLANG_WARN_STRICT_PROTOTYPES = YES;
				CLANG_WARN_SUSPICIOUS_MOVE = YES;
				CLANG_WARN_UNGUARDED_AVAILABILITY = YES_AGGRESSIVE;
				CLANG_WARN_UNREACHABLE_CODE = YES;
				CLANG_WARN__DUPLICATE_METHOD_MATCH = YES;
				COPY_PHASE_STRIP = NO;
				DEBUG_INFORMATION_FORMAT = "dwarf-with-dsym";
				ENABLE_NS_ASSERTIONS = NO;
				ENABLE_STRICT_OBJC_MSGSEND = YES;
				GCC_C_LANGUAGE_STANDARD = gnu11;
				GCC_NO_COMMON_BLOCKS = YES;
				GCC_WARN_64_TO_32_BIT_CONVERSION = YES;
				GCC_WARN_ABOUT_RETURN_TYPE = YES_ERROR;
				GCC_WARN_UNDECLARED_SELECTOR = YES;
				GCC_WARN_UNINITIALIZED_AUTOS = YES_AGGRESSIVE;
				GCC_WARN_UNUSED_FUNCTION = YES;
				GCC_WARN_UNUSED_VARIABLE = YES;
				IPHONEOS_DEPLOYMENT_TARGET = 13.2;
				MTL_ENABLE_DEBUG_INFO = NO;
				MTL_FAST_MATH = YES;
				SDKROOT = iphoneos;
				SWIFT_COMPILATION_MODE = wholemodule;
				SWIFT_OPTIMIZATION_LEVEL = "-O";
				VALIDATE_PRODUCT = YES;
			};
			name = Release;
		};
		8C835A7F243AB168000C3F8A /* Debug */ = {
			isa = XCBuildConfiguration;
			buildSettings = {
				ASSETCATALOG_COMPILER_APPICON_NAME = AppIcon;
				CODE_SIGN_STYLE = Automatic;
				INFOPLIST_FILE = Journal/Info.plist;
				LD_RUNPATH_SEARCH_PATHS = (
					"$(inherited)",
					"@executable_path/Frameworks",
				);
				PRODUCT_BUNDLE_IDENTIFIER = org.ssfs.Journal;
				PRODUCT_NAME = "$(TARGET_NAME)";
				SWIFT_VERSION = 5.0;
				TARGETED_DEVICE_FAMILY = "1,2";
			};
			name = Debug;
		};
		8C835A80243AB168000C3F8A /* Release */ = {
			isa = XCBuildConfiguration;
			buildSettings = {
				ASSETCATALOG_COMPILER_APPICON_NAME = AppIcon;
				CODE_SIGN_STYLE = Automatic;
				INFOPLIST_FILE = Journal/Info.plist;
				LD_RUNPATH_SEARCH_PATHS = (
					"$(inherited)",
					"@executable_path/Frameworks",
				);
				PRODUCT_BUNDLE_IDENTIFIER = org.ssfs.Journal;
				PRODUCT_NAME = "$(TARGET_NAME)";
				SWIFT_VERSION = 5.0;
				TARGETED_DEVICE_FAMILY = "1,2";
			};
			name = Release;
		};
		8C835A82243AB168000C3F8A /* Debug */ = {
			isa = XCBuildConfiguration;
			buildSettings = {
				ALWAYS_EMBED_SWIFT_STANDARD_LIBRARIES = YES;
				BUNDLE_LOADER = "$(TEST_HOST)";
				CODE_SIGN_STYLE = Automatic;
				INFOPLIST_FILE = JournalTests/Info.plist;
				IPHONEOS_DEPLOYMENT_TARGET = 13.2;
				LD_RUNPATH_SEARCH_PATHS = (
					"$(inherited)",
					"@executable_path/Frameworks",
					"@loader_path/Frameworks",
				);
				PRODUCT_BUNDLE_IDENTIFIER = org.ssfs.JournalTests;
				PRODUCT_NAME = "$(TARGET_NAME)";
				SWIFT_VERSION = 5.0;
				TARGETED_DEVICE_FAMILY = "1,2";
				TEST_HOST = "$(BUILT_PRODUCTS_DIR)/Journal.app/Journal";
			};
			name = Debug;
		};
		8C835A83243AB168000C3F8A /* Release */ = {
			isa = XCBuildConfiguration;
			buildSettings = {
				ALWAYS_EMBED_SWIFT_STANDARD_LIBRARIES = YES;
				BUNDLE_LOADER = "$(TEST_HOST)";
				CODE_SIGN_STYLE = Automatic;
				INFOPLIST_FILE = JournalTests/Info.plist;
				IPHONEOS_DEPLOYMENT_TARGET = 13.2;
				LD_RUNPATH_SEARCH_PATHS = (
					"$(inherited)",
					"@executable_path/Frameworks",
					"@loader_path/Frameworks",
				);
				PRODUCT_BUNDLE_IDENTIFIER = org.ssfs.JournalTests;
				PRODUCT_NAME = "$(TARGET_NAME)";
				SWIFT_VERSION = 5.0;
				TARGETED_DEVICE_FAMILY = "1,2";
				TEST_HOST = "$(BUILT_PRODUCTS_DIR)/Journal.app/Journal";
			};
			name = Release;
		};
		8C835A85243AB168000C3F8A /* Debug */ = {
			isa = XCBuildConfiguration;
			buildSettings = {
				ALWAYS_EMBED_SWIFT_STANDARD_LIBRARIES = YES;
				CODE_SIGN_STYLE = Automatic;
				INFOPLIST_FILE = JournalUITests/Info.plist;
				LD_RUNPATH_SEARCH_PATHS = (
					"$(inherited)",
					"@executable_path/Frameworks",
					"@loader_path/Frameworks",
				);
				PRODUCT_BUNDLE_IDENTIFIER = org.ssfs.JournalUITests;
				PRODUCT_NAME = "$(TARGET_NAME)";
				SWIFT_VERSION = 5.0;
				TARGETED_DEVICE_FAMILY = "1,2";
				TEST_TARGET_NAME = Journal;
			};
			name = Debug;
		};
		8C835A86243AB168000C3F8A /* Release */ = {
			isa = XCBuildConfiguration;
			buildSettings = {
				ALWAYS_EMBED_SWIFT_STANDARD_LIBRARIES = YES;
				CODE_SIGN_STYLE = Automatic;
				INFOPLIST_FILE = JournalUITests/Info.plist;
				LD_RUNPATH_SEARCH_PATHS = (
					"$(inherited)",
					"@executable_path/Frameworks",
					"@loader_path/Frameworks",
				);
				PRODUCT_BUNDLE_IDENTIFIER = org.ssfs.JournalUITests;
				PRODUCT_NAME = "$(TARGET_NAME)";
				SWIFT_VERSION = 5.0;
				TARGETED_DEVICE_FAMILY = "1,2";
				TEST_TARGET_NAME = Journal;
			};
			name = Release;
		};
/* End XCBuildConfiguration section */

/* Begin XCConfigurationList section */
		8C835A4F243AB166000C3F8A /* Build configuration list for PBXProject "Journal" */ = {
			isa = XCConfigurationList;
			buildConfigurations = (
				8C835A7C243AB168000C3F8A /* Debug */,
				8C835A7D243AB168000C3F8A /* Release */,
			);
			defaultConfigurationIsVisible = 0;
			defaultConfigurationName = Release;
		};
		8C835A7E243AB168000C3F8A /* Build configuration list for PBXNativeTarget "Journal" */ = {
			isa = XCConfigurationList;
			buildConfigurations = (
				8C835A7F243AB168000C3F8A /* Debug */,
				8C835A80243AB168000C3F8A /* Release */,
			);
			defaultConfigurationIsVisible = 0;
			defaultConfigurationName = Release;
		};
		8C835A81243AB168000C3F8A /* Build configuration list for PBXNativeTarget "JournalTests" */ = {
			isa = XCConfigurationList;
			buildConfigurations = (
				8C835A82243AB168000C3F8A /* Debug */,
				8C835A83243AB168000C3F8A /* Release */,
			);
			defaultConfigurationIsVisible = 0;
			defaultConfigurationName = Release;
		};
		8C835A84243AB168000C3F8A /* Build configuration list for PBXNativeTarget "JournalUITests" */ = {
			isa = XCConfigurationList;
			buildConfigurations = (
				8C835A85243AB168000C3F8A /* Debug */,
				8C835A86243AB168000C3F8A /* Release */,
			);
			defaultConfigurationIsVisible = 0;
			defaultConfigurationName = Release;
		};
/* End XCConfigurationList section */
	};
	rootObject = 8C835A4C243AB166000C3F8A /* Project object */;
}
